// !$*UTF8*$!
{
	archiveVersion = 1;
	classes = {
	};
	objectVersion = 46;
	objects = {

/* Begin PBXBuildFile section */
		63C79C05221CEE6700159B4D /* Task+CoreDataClass.swift in Sources */ = {isa = PBXBuildFile; fileRef = 63C79C03221CEE6700159B4D /* Task+CoreDataClass.swift */; };
		63C79C06221CEE6700159B4D /* Task+CoreDataProperties.swift in Sources */ = {isa = PBXBuildFile; fileRef = 63C79C04221CEE6700159B4D /* Task+CoreDataProperties.swift */; };
		8685C2211A6F503100F5CE9F /* TaskPersistence.swift in Sources */ = {isa = PBXBuildFile; fileRef = 8685C2201A6F503100F5CE9F /* TaskPersistence.swift */; };
		8685C2261A6F550A00F5CE9F /* TaskApplication.xcdatamodeld in Sources */ = {isa = PBXBuildFile; fileRef = 8685C2241A6F550A00F5CE9F /* TaskApplication.xcdatamodeld */; };
		86FF5BB31A6D65FB00A017A1 /* AppDelegate.swift in Sources */ = {isa = PBXBuildFile; fileRef = 86FF5BB21A6D65FB00A017A1 /* AppDelegate.swift */; };
		86FF5BB51A6D65FB00A017A1 /* TableViewController.swift in Sources */ = {isa = PBXBuildFile; fileRef = 86FF5BB41A6D65FB00A017A1 /* TableViewController.swift */; };
		86FF5BB71A6D65FB00A017A1 /* TaskDetailViewController.swift in Sources */ = {isa = PBXBuildFile; fileRef = 86FF5BB61A6D65FB00A017A1 /* TaskDetailViewController.swift */; };
		86FF5BBA1A6D65FB00A017A1 /* Main.storyboard in Resources */ = {isa = PBXBuildFile; fileRef = 86FF5BB81A6D65FB00A017A1 /* Main.storyboard */; };
		86FF5BBC1A6D65FB00A017A1 /* Images.xcassets in Resources */ = {isa = PBXBuildFile; fileRef = 86FF5BBB1A6D65FB00A017A1 /* Images.xcassets */; };
		86FF5BBF1A6D65FB00A017A1 /* LaunchScreen.xib in Resources */ = {isa = PBXBuildFile; fileRef = 86FF5BBD1A6D65FB00A017A1 /* LaunchScreen.xib */; };
		86FF5BD51A6D697400A017A1 /* TaskManager.swift in Sources */ = {isa = PBXBuildFile; fileRef = 86FF5BD41A6D697400A017A1 /* TaskManager.swift */; };
/* End PBXBuildFile section */

/* Begin PBXFileReference section */
		63C79C03221CEE6700159B4D /* Task+CoreDataClass.swift */ = {isa = PBXFileReference; lastKnownFileType = sourcecode.swift; path = "Task+CoreDataClass.swift"; sourceTree = "<group>"; };
		63C79C04221CEE6700159B4D /* Task+CoreDataProperties.swift */ = {isa = PBXFileReference; lastKnownFileType = sourcecode.swift; path = "Task+CoreDataProperties.swift"; sourceTree = "<group>"; };
		8685C2201A6F503100F5CE9F /* TaskPersistence.swift */ = {isa = PBXFileReference; fileEncoding = 4; lastKnownFileType = sourcecode.swift; path = TaskPersistence.swift; sourceTree = "<group>"; };
		8685C2251A6F550A00F5CE9F /* TaskApplication.xcdatamodel */ = {isa = PBXFileReference; lastKnownFileType = wrapper.xcdatamodel; path = TaskApplication.xcdatamodel; sourceTree = "<group>"; };
		86FF5BAD1A6D65FB00A017A1 /* TaskApplication.app */ = {isa = PBXFileReference; explicitFileType = wrapper.application; includeInIndex = 0; path = TaskApplication.app; sourceTree = BUILT_PRODUCTS_DIR; };
		86FF5BB11A6D65FB00A017A1 /* Info.plist */ = {isa = PBXFileReference; lastKnownFileType = text.plist.xml; path = Info.plist; sourceTree = "<group>"; };
		86FF5BB21A6D65FB00A017A1 /* AppDelegate.swift */ = {isa = PBXFileReference; lastKnownFileType = sourcecode.swift; path = AppDelegate.swift; sourceTree = "<group>"; };
		86FF5BB41A6D65FB00A017A1 /* TableViewController.swift */ = {isa = PBXFileReference; lastKnownFileType = sourcecode.swift; path = TableViewController.swift; sourceTree = "<group>"; };
		86FF5BB61A6D65FB00A017A1 /* TaskDetailViewController.swift */ = {isa = PBXFileReference; lastKnownFileType = sourcecode.swift; path = TaskDetailViewController.swift; sourceTree = "<group>"; };
		86FF5BB91A6D65FB00A017A1 /* Base */ = {isa = PBXFileReference; lastKnownFileType = file.storyboard; name = Base; path = Base.lproj/Main.storyboard; sourceTree = "<group>"; };
		86FF5BBB1A6D65FB00A017A1 /* Images.xcassets */ = {isa = PBXFileReference; lastKnownFileType = folder.assetcatalog; path = Images.xcassets; sourceTree = "<group>"; };
		86FF5BBE1A6D65FB00A017A1 /* Base */ = {isa = PBXFileReference; lastKnownFileType = file.xib; name = Base; path = Base.lproj/LaunchScreen.xib; sourceTree = "<group>"; };
		86FF5BD41A6D697400A017A1 /* TaskManager.swift */ = {isa = PBXFileReference; fileEncoding = 4; lastKnownFileType = sourcecode.swift; path = TaskManager.swift; sourceTree = "<group>"; };
/* End PBXFileReference section */

/* Begin PBXFrameworksBuildPhase section */
		86FF5BAA1A6D65FB00A017A1 /* Frameworks */ = {
			isa = PBXFrameworksBuildPhase;
			buildActionMask = 2147483647;
			files = (
			);
			runOnlyForDeploymentPostprocessing = 0;
		};
/* End PBXFrameworksBuildPhase section */

/* Begin PBXGroup section */
		86FF5BA41A6D65FB00A017A1 = {
			isa = PBXGroup;
			children = (
				86FF5BAF1A6D65FB00A017A1 /* TaskApplication */,
				86FF5BAE1A6D65FB00A017A1 /* Products */,
			);
			sourceTree = "<group>";
		};
		86FF5BAE1A6D65FB00A017A1 /* Products */ = {
			isa = PBXGroup;
			children = (
				86FF5BAD1A6D65FB00A017A1 /* TaskApplication.app */,
			);
			name = Products;
			sourceTree = "<group>";
		};
		86FF5BAF1A6D65FB00A017A1 /* TaskApplication */ = {
			isa = PBXGroup;
			children = (
				86FF5BB21A6D65FB00A017A1 /* AppDelegate.swift */,
				86FF5BB41A6D65FB00A017A1 /* TableViewController.swift */,
				86FF5BB61A6D65FB00A017A1 /* TaskDetailViewController.swift */,
				86FF5BB81A6D65FB00A017A1 /* Main.storyboard */,
				86FF5BBB1A6D65FB00A017A1 /* Images.xcassets */,
				86FF5BBD1A6D65FB00A017A1 /* LaunchScreen.xib */,
				86FF5BB01A6D65FB00A017A1 /* Supporting Files */,
				86FF5BD41A6D697400A017A1 /* TaskManager.swift */,
				8685C2201A6F503100F5CE9F /* TaskPersistence.swift */,
				8685C2241A6F550A00F5CE9F /* TaskApplication.xcdatamodeld */,
			);
			path = TaskApplication;
			sourceTree = "<group>";
		};
		86FF5BB01A6D65FB00A017A1 /* Supporting Files */ = {
			isa = PBXGroup;
			children = (
				63C79C03221CEE6700159B4D /* Task+CoreDataClass.swift */,
				63C79C04221CEE6700159B4D /* Task+CoreDataProperties.swift */,
				86FF5BB11A6D65FB00A017A1 /* Info.plist */,
			);
			name = "Supporting Files";
			sourceTree = "<group>";
		};
/* End PBXGroup section */

/* Begin PBXNativeTarget section */
		86FF5BAC1A6D65FB00A017A1 /* TaskApplication */ = {
			isa = PBXNativeTarget;
			buildConfigurationList = 86FF5BCE1A6D65FB00A017A1 /* Build configuration list for PBXNativeTarget "TaskApplication" */;
			buildPhases = (
				86FF5BA91A6D65FB00A017A1 /* Sources */,
				86FF5BAA1A6D65FB00A017A1 /* Frameworks */,
				86FF5BAB1A6D65FB00A017A1 /* Resources */,
			);
			buildRules = (
			);
			dependencies = (
			);
			name = TaskApplication;
			productName = TaskApplication;
			productReference = 86FF5BAD1A6D65FB00A017A1 /* TaskApplication.app */;
			productType = "com.apple.product-type.application";
		};
/* End PBXNativeTarget section */

/* Begin PBXProject section */
		86FF5BA51A6D65FB00A017A1 /* Project object */ = {
			isa = PBXProject;
			attributes = {
				LastSwiftMigration = 0700;
				LastSwiftUpdateCheck = 0700;
				LastUpgradeCheck = 0700;
				ORGANIZATIONNAME = "Michael Crump";
				TargetAttributes = {
					86FF5BAC1A6D65FB00A017A1 = {
						CreatedOnToolsVersion = 6.1.1;
						LastSwiftMigration = 1010;
					};
				};
			};
			buildConfigurationList = 86FF5BA81A6D65FB00A017A1 /* Build configuration list for PBXProject "TaskApplication" */;
			compatibilityVersion = "Xcode 3.2";
			developmentRegion = English;
			hasScannedForEncodings = 0;
			knownRegions = (
				en,
				Base,
			);
			mainGroup = 86FF5BA41A6D65FB00A017A1;
			productRefGroup = 86FF5BAE1A6D65FB00A017A1 /* Products */;
			projectDirPath = "";
			projectRoot = "";
			targets = (
				86FF5BAC1A6D65FB00A017A1 /* TaskApplication */,
			);
		};
/* End PBXProject section */

/* Begin PBXResourcesBuildPhase section */
		86FF5BAB1A6D65FB00A017A1 /* Resources */ = {
			isa = PBXResourcesBuildPhase;
			buildActionMask = 2147483647;
			files = (
				86FF5BBA1A6D65FB00A017A1 /* Main.storyboard in Resources */,
				86FF5BBF1A6D65FB00A017A1 /* LaunchScreen.xib in Resources */,
				86FF5BBC1A6D65FB00A017A1 /* Images.xcassets in Resources */,
			);
			runOnlyForDeploymentPostprocessing = 0;
		};
/* End PBXResourcesBuildPhase section */

/* Begin PBXSourcesBuildPhase section */
		86FF5BA91A6D65FB00A017A1 /* Sources */ = {
			isa = PBXSourcesBuildPhase;
			buildActionMask = 2147483647;
			files = (
				86FF5BB71A6D65FB00A017A1 /* TaskDetailViewController.swift in Sources */,
				63C79C05221CEE6700159B4D /* Task+CoreDataClass.swift in Sources */,
				86FF5BB31A6D65FB00A017A1 /* AppDelegate.swift in Sources */,
				86FF5BD51A6D697400A017A1 /* TaskManager.swift in Sources */,
				8685C2211A6F503100F5CE9F /* TaskPersistence.swift in Sources */,
				86FF5BB51A6D65FB00A017A1 /* TableViewController.swift in Sources */,
				8685C2261A6F550A00F5CE9F /* TaskApplication.xcdatamodeld in Sources */,
				63C79C06221CEE6700159B4D /* Task+CoreDataProperties.swift in Sources */,
			);
			runOnlyForDeploymentPostprocessing = 0;
		};
/* End PBXSourcesBuildPhase section */

/* Begin PBXVariantGroup section */
		86FF5BB81A6D65FB00A017A1 /* Main.storyboard */ = {
			isa = PBXVariantGroup;
			children = (
				86FF5BB91A6D65FB00A017A1 /* Base */,
			);
			name = Main.storyboard;
			sourceTree = "<group>";
		};
		86FF5BBD1A6D65FB00A017A1 /* LaunchScreen.xib */ = {
			isa = PBXVariantGroup;
			children = (
				86FF5BBE1A6D65FB00A017A1 /* Base */,
			);
			name = LaunchScreen.xib;
			sourceTree = "<group>";
		};
/* End PBXVariantGroup section */

/* Begin XCBuildConfiguration section */
		86FF5BCC1A6D65FB00A017A1 /* Debug */ = {
			isa = XCBuildConfiguration;
			buildSettings = {
				ALWAYS_SEARCH_USER_PATHS = NO;
				CLANG_CXX_LANGUAGE_STANDARD = "gnu++0x";
				CLANG_CXX_LIBRARY = "libc++";
				CLANG_ENABLE_MODULES = YES;
				CLANG_ENABLE_OBJC_ARC = YES;
				CLANG_WARN_BOOL_CONVERSION = YES;
				CLANG_WARN_CONSTANT_CONVERSION = YES;
				CLANG_WARN_DIRECT_OBJC_ISA_USAGE = YES_ERROR;
				CLANG_WARN_EMPTY_BODY = YES;
				CLANG_WARN_ENUM_CONVERSION = YES;
				CLANG_WARN_INT_CONVERSION = YES;
				CLANG_WARN_OBJC_ROOT_CLASS = YES_ERROR;
				CLANG_WARN_UNREACHABLE_CODE = YES;
				CLANG_WARN__DUPLICATE_METHOD_MATCH = YES;
				"CODE_SIGN_IDENTITY[sdk=iphoneos*]" = "iPhone Developer";
				COPY_PHASE_STRIP = NO;
				ENABLE_STRICT_OBJC_MSGSEND = YES;
				ENABLE_TESTABILITY = YES;
				GCC_C_LANGUAGE_STANDARD = gnu99;
				GCC_DYNAMIC_NO_PIC = NO;
				GCC_OPTIMIZATION_LEVEL = 0;
				GCC_PREPROCESSOR_DEFINITIONS = (
					"DEBUG=1",
					"$(inherited)",
				);
				GCC_SYMBOLS_PRIVATE_EXTERN = NO;
				GCC_WARN_64_TO_32_BIT_CONVERSION = YES;
				GCC_WARN_ABOUT_RETURN_TYPE = YES_ERROR;
				GCC_WARN_UNDECLARED_SELECTOR = YES;
				GCC_WARN_UNINITIALIZED_AUTOS = YES_AGGRESSIVE;
				GCC_WARN_UNUSED_FUNCTION = YES;
				GCC_WARN_UNUSED_VARIABLE = YES;
				IPHONEOS_DEPLOYMENT_TARGET = 9.0;
				MTL_ENABLE_DEBUG_INFO = YES;
				ONLY_ACTIVE_ARCH = YES;
				SDKROOT = iphoneos;
				SWIFT_OPTIMIZATION_LEVEL = "-Onone";
				SWIFT_PRECOMPILE_BRIDGING_HEADER = NO;
				SWIFT_VERSION = 4.2;
			};
			name = Debug;
		};
		86FF5BCD1A6D65FB00A017A1 /* Release */ = {
			isa = XCBuildConfiguration;
			buildSettings = {
				ALWAYS_SEARCH_USER_PATHS = NO;
				CLANG_CXX_LANGUAGE_STANDARD = "gnu++0x";
				CLANG_CXX_LIBRARY = "libc++";
				CLANG_ENABLE_MODULES = YES;
				CLANG_ENABLE_OBJC_ARC = YES;
				CLANG_WARN_BOOL_CONVERSION = YES;
				CLANG_WARN_CONSTANT_CONVERSION = YES;
				CLANG_WARN_DIRECT_OBJC_ISA_USAGE = YES_ERROR;
				CLANG_WARN_EMPTY_BODY = YES;
				CLANG_WARN_ENUM_CONVERSION = YES;
				CLANG_WARN_INT_CONVERSION = YES;
				CLANG_WARN_OBJC_ROOT_CLASS = YES_ERROR;
				CLANG_WARN_UNREACHABLE_CODE = YES;
				CLANG_WARN__DUPLICATE_METHOD_MATCH = YES;
				"CODE_SIGN_IDENTITY[sdk=iphoneos*]" = "iPhone Developer";
				COPY_PHASE_STRIP = YES;
				ENABLE_NS_ASSERTIONS = NO;
				ENABLE_STRICT_OBJC_MSGSEND = YES;
				GCC_C_LANGUAGE_STANDARD = gnu99;
				GCC_WARN_64_TO_32_BIT_CONVERSION = YES;
				GCC_WARN_ABOUT_RETURN_TYPE = YES_ERROR;
				GCC_WARN_UNDECLARED_SELECTOR = YES;
				GCC_WARN_UNINITIALIZED_AUTOS = YES_AGGRESSIVE;
				GCC_WARN_UNUSED_FUNCTION = YES;
				GCC_WARN_UNUSED_VARIABLE = YES;
				IPHONEOS_DEPLOYMENT_TARGET = 9.0;
				MTL_ENABLE_DEBUG_INFO = NO;
				SDKROOT = iphoneos;
				SWIFT_PRECOMPILE_BRIDGING_HEADER = NO;
				SWIFT_VERSION = 4.2;
				VALIDATE_PRODUCT = YES;
			};
			name = Release;
		};
		86FF5BCF1A6D65FB00A017A1 /* Debug */ = {
			isa = XCBuildConfiguration;
			buildSettings = {
				ASSETCATALOG_COMPILER_APPICON_NAME = AppIcon;
				ASSETCATALOG_COMPILER_LAUNCHIMAGE_NAME = LaunchImage;
				CLANG_ENABLE_MODULES = YES;
				CODE_SIGN_IDENTITY = "iPhone Developer";
				"CODE_SIGN_IDENTITY[sdk=iphoneos*]" = "iPhone Developer";
				INFOPLIST_FILE = TaskApplication/Info.plist;
				LD_RUNPATH_SEARCH_PATHS = "$(inherited) @executable_path/Frameworks";
				PRODUCT_BUNDLE_IDENTIFIER = "net.michaelcrump.$(PRODUCT_NAME:rfc1034identifier)";
				PRODUCT_NAME = "$(TARGET_NAME)";
				PROVISIONING_PROFILE = "";
				SWIFT_OPTIMIZATION_LEVEL = "-Onone";
				SWIFT_VERSION = 4.2;
			};
			name = Debug;
		};
		86FF5BD01A6D65FB00A017A1 /* Release */ = {
			isa = XCBuildConfiguration;
			buildSettings = {
				ASSETCATALOG_COMPILER_APPICON_NAME = AppIcon;
				ASSETCATALOG_COMPILER_LAUNCHIMAGE_NAME = LaunchImage;
				CLANG_ENABLE_MODULES = YES;
				CODE_SIGN_IDENTITY = "iPhone Developer";
				"CODE_SIGN_IDENTITY[sdk=iphoneos*]" = "iPhone Developer";
				INFOPLIST_FILE = TaskApplication/Info.plist;
				LD_RUNPATH_SEARCH_PATHS = "$(inherited) @executable_path/Frameworks";
				PRODUCT_BUNDLE_IDENTIFIER = "net.michaelcrump.$(PRODUCT_NAME:rfc1034identifier)";
				PRODUCT_NAME = "$(TARGET_NAME)";
				PROVISIONING_PROFILE = "";
				SWIFT_VERSION = 4.2;
			};
			name = Release;
		};
/* End XCBuildConfiguration section */

/* Begin XCConfigurationList section */
		86FF5BA81A6D65FB00A017A1 /* Build configuration list for PBXProject "TaskApplication" */ = {
			isa = XCConfigurationList;
			buildConfigurations = (
				86FF5BCC1A6D65FB00A017A1 /* Debug */,
				86FF5BCD1A6D65FB00A017A1 /* Release */,
			);
			defaultConfigurationIsVisible = 0;
			defaultConfigurationName = Release;
		};
		86FF5BCE1A6D65FB00A017A1 /* Build configuration list for PBXNativeTarget "TaskApplication" */ = {
			isa = XCConfigurationList;
			buildConfigurations = (
				86FF5BCF1A6D65FB00A017A1 /* Debug */,
				86FF5BD01A6D65FB00A017A1 /* Release */,
			);
			defaultConfigurationIsVisible = 0;
			defaultConfigurationName = Release;
		};
/* End XCConfigurationList section */

/* Begin XCVersionGroup section */
		8685C2241A6F550A00F5CE9F /* TaskApplication.xcdatamodeld */ = {
			isa = XCVersionGroup;
			children = (
				8685C2251A6F550A00F5CE9F /* TaskApplication.xcdatamodel */,
			);
			currentVersion = 8685C2251A6F550A00F5CE9F /* TaskApplication.xcdatamodel */;
			path = TaskApplication.xcdatamodeld;
			sourceTree = "<group>";
			versionGroupType = wrapper.xcdatamodel;
		};
/* End XCVersionGroup section */
	};
	rootObject = 86FF5BA51A6D65FB00A017A1 /* Project object */;
}
